
Microsoft Visual Studio Solution File, Format Version 12.00
# Visual Studio Version 17
VisualStudioVersion = 17.10.35122.118
MinimumVisualStudioVersion = 10.0.40219.1
Project("{FAE04EC0-301F-11D3-BF4B-00C04F79EFBC}") = "UserApplication", "UserApplication\UserApplication.csproj", "{0D73CF0F-C2E6-4DD0-8B63-8AFBE1F7DBBC}"
EndProject
Global
	GlobalSection(SolutionConfigurationPlatforms) = preSolution
		Debug|Any CPU = Debug|Any CPU
		Release|Any CPU = Release|Any CPU
	EndGlobalSection
	GlobalSection(ProjectConfigurationPlatforms) = postSolution
		{0D73CF0F-C2E6-4DD0-8B63-8AFBE1F7DBBC}.Debug|Any CPU.ActiveCfg = Debug|Any CPU
		{0D73CF0F-C2E6-4DD0-8B63-8AFBE1F7DBBC}.Debug|Any CPU.Build.0 = Debug|Any CPU
		{0D73CF0F-C2E6-4DD0-8B63-8AFBE1F7DBBC}.Release|Any CPU.ActiveCfg = Release|Any CPU
		{0D73CF0F-C2E6-4DD0-8B63-8AFBE1F7DBBC}.Release|Any CPU.Build.0 = Release|Any CPU
	EndGlobalSection
	GlobalSection(SolutionProperties) = preSolution
		HideSolutionNode = FALSE
	EndGlobalSection
	GlobalSection(ExtensibilityGlobals) = postSolution
		SolutionGuid = {5D0C34C4-309B-406B-9F66-1DB77B409C74}
	EndGlobalSection
EndGlobal
